// !$*UTF8*$!
{
	archiveVersion = 1;
	classes = {
	};
	objectVersion = 55;
	objects = {

/* Begin PBXBuildFile section */
		01C547F827FE44380016050E /* HealthModel.swift in Sources */ = {isa = PBXBuildFile; fileRef = 01C547F727FE44380016050E /* HealthModel.swift */; };
		01C547FA28025F7D0016050E /* smile.jpeg in Resources */ = {isa = PBXBuildFile; fileRef = 01C547F928025F7D0016050E /* smile.jpeg */; };
		01DB86A027FE3A64000B4C0A /* AppDelegate.swift in Sources */ = {isa = PBXBuildFile; fileRef = 01DB869F27FE3A64000B4C0A /* AppDelegate.swift */; };
		01DB86A227FE3A64000B4C0A /* SceneDelegate.swift in Sources */ = {isa = PBXBuildFile; fileRef = 01DB86A127FE3A64000B4C0A /* SceneDelegate.swift */; };
		01DB86A427FE3A64000B4C0A /* ViewController.swift in Sources */ = {isa = PBXBuildFile; fileRef = 01DB86A327FE3A64000B4C0A /* ViewController.swift */; };
		01DB86A727FE3A64000B4C0A /* Main.storyboard in Resources */ = {isa = PBXBuildFile; fileRef = 01DB86A527FE3A64000B4C0A /* Main.storyboard */; };
		01DB86AA27FE3A64000B4C0A /* HealthTracker.xcdatamodeld in Sources */ = {isa = PBXBuildFile; fileRef = 01DB86A827FE3A64000B4C0A /* HealthTracker.xcdatamodeld */; };
		01DB86AC27FE3A68000B4C0A /* Assets.xcassets in Resources */ = {isa = PBXBuildFile; fileRef = 01DB86AB27FE3A68000B4C0A /* Assets.xcassets */; };
		01DB86AF27FE3A68000B4C0A /* LaunchScreen.storyboard in Resources */ = {isa = PBXBuildFile; fileRef = 01DB86AD27FE3A68000B4C0A /* LaunchScreen.storyboard */; };
		01DB86B727FE3C65000B4C0A /* HealthViewController.swift in Sources */ = {isa = PBXBuildFile; fileRef = 01DB86B627FE3C65000B4C0A /* HealthViewController.swift */; };
		01DB86B927FE3C7B000B4C0A /* DataInputViewController.swift in Sources */ = {isa = PBXBuildFile; fileRef = 01DB86B827FE3C7B000B4C0A /* DataInputViewController.swift */; };
		01DB86BB27FE3C8B000B4C0A /* RiskViewController.swift in Sources */ = {isa = PBXBuildFile; fileRef = 01DB86BA27FE3C8B000B4C0A /* RiskViewController.swift */; };
/* End PBXBuildFile section */

/* Begin PBXFileReference section */
		01C547F727FE44380016050E /* HealthModel.swift */ = {isa = PBXFileReference; lastKnownFileType = sourcecode.swift; path = HealthModel.swift; sourceTree = "<group>"; };
		01C547F928025F7D0016050E /* smile.jpeg */ = {isa = PBXFileReference; lastKnownFileType = image.jpeg; path = smile.jpeg; sourceTree = "<group>"; };
		01DB869C27FE3A64000B4C0A /* HealthTracker.app */ = {isa = PBXFileReference; explicitFileType = wrapper.application; includeInIndex = 0; path = HealthTracker.app; sourceTree = BUILT_PRODUCTS_DIR; };
		01DB869F27FE3A64000B4C0A /* AppDelegate.swift */ = {isa = PBXFileReference; lastKnownFileType = sourcecode.swift; path = AppDelegate.swift; sourceTree = "<group>"; };
		01DB86A127FE3A64000B4C0A /* SceneDelegate.swift */ = {isa = PBXFileReference; lastKnownFileType = sourcecode.swift; path = SceneDelegate.swift; sourceTree = "<group>"; };
		01DB86A327FE3A64000B4C0A /* ViewController.swift */ = {isa = PBXFileReference; lastKnownFileType = sourcecode.swift; path = ViewController.swift; sourceTree = "<group>"; };
		01DB86A627FE3A64000B4C0A /* Base */ = {isa = PBXFileReference; lastKnownFileType = file.storyboard; name = Base; path = Base.lproj/Main.storyboard; sourceTree = "<group>"; };
		01DB86A927FE3A64000B4C0A /* HealthTracker.xcdatamodel */ = {isa = PBXFileReference; lastKnownFileType = wrapper.xcdatamodel; path = HealthTracker.xcdatamodel; sourceTree = "<group>"; };
		01DB86AB27FE3A68000B4C0A /* Assets.xcassets */ = {isa = PBXFileReference; lastKnownFileType = folder.assetcatalog; path = Assets.xcassets; sourceTree = "<group>"; };
		01DB86AE27FE3A68000B4C0A /* Base */ = {isa = PBXFileReference; lastKnownFileType = file.storyboard; name = Base; path = Base.lproj/LaunchScreen.storyboard; sourceTree = "<group>"; };
		01DB86B027FE3A68000B4C0A /* Info.plist */ = {isa = PBXFileReference; lastKnownFileType = text.plist.xml; path = Info.plist; sourceTree = "<group>"; };
		01DB86B627FE3C65000B4C0A /* HealthViewController.swift */ = {isa = PBXFileReference; lastKnownFileType = sourcecode.swift; path = HealthViewController.swift; sourceTree = "<group>"; };
		01DB86B827FE3C7B000B4C0A /* DataInputViewController.swift */ = {isa = PBXFileReference; lastKnownFileType = sourcecode.swift; path = DataInputViewController.swift; sourceTree = "<group>"; };
		01DB86BA27FE3C8B000B4C0A /* RiskViewController.swift */ = {isa = PBXFileReference; lastKnownFileType = sourcecode.swift; path = RiskViewController.swift; sourceTree = "<group>"; };
/* End PBXFileReference section */

/* Begin PBXFrameworksBuildPhase section */
		01DB869927FE3A64000B4C0A /* Frameworks */ = {
			isa = PBXFrameworksBuildPhase;
			buildActionMask = 2147483647;
			files = (
			);
			runOnlyForDeploymentPostprocessing = 0;
		};
/* End PBXFrameworksBuildPhase section */

/* Begin PBXGroup section */
		01DB869327FE3A64000B4C0A = {
			isa = PBXGroup;
			children = (
				01DB869E27FE3A64000B4C0A /* HealthTracker */,
				01DB869D27FE3A64000B4C0A /* Products */,
			);
			sourceTree = "<group>";
		};
		01DB869D27FE3A64000B4C0A /* Products */ = {
			isa = PBXGroup;
			children = (
				01DB869C27FE3A64000B4C0A /* HealthTracker.app */,
			);
			name = Products;
			sourceTree = "<group>";
		};
		01DB869E27FE3A64000B4C0A /* HealthTracker */ = {
			isa = PBXGroup;
			children = (
				01DB869F27FE3A64000B4C0A /* AppDelegate.swift */,
				01DB86A127FE3A64000B4C0A /* SceneDelegate.swift */,
				01DB86A327FE3A64000B4C0A /* ViewController.swift */,
				01DB86B627FE3C65000B4C0A /* HealthViewController.swift */,
				01C547F727FE44380016050E /* HealthModel.swift */,
				01DB86B827FE3C7B000B4C0A /* DataInputViewController.swift */,
				01DB86BA27FE3C8B000B4C0A /* RiskViewController.swift */,
				01DB86A527FE3A64000B4C0A /* Main.storyboard */,
				01DB86AB27FE3A68000B4C0A /* Assets.xcassets */,
				01DB86AD27FE3A68000B4C0A /* LaunchScreen.storyboard */,
				01DB86B027FE3A68000B4C0A /* Info.plist */,
				01DB86A827FE3A64000B4C0A /* HealthTracker.xcdatamodeld */,
				01C547F928025F7D0016050E /* smile.jpeg */,
			);
			path = HealthTracker;
			sourceTree = "<group>";
		};
/* End PBXGroup section */

/* Begin PBXNativeTarget section */
		01DB869B27FE3A64000B4C0A /* HealthTracker */ = {
			isa = PBXNativeTarget;
			buildConfigurationList = 01DB86B327FE3A68000B4C0A /* Build configuration list for PBXNativeTarget "HealthTracker" */;
			buildPhases = (
				01DB869827FE3A64000B4C0A /* Sources */,
				01DB869927FE3A64000B4C0A /* Frameworks */,
				01DB869A27FE3A64000B4C0A /* Resources */,
			);
			buildRules = (
			);
			dependencies = (
			);
			name = HealthTracker;
			productName = HealthTracker;
			productReference = 01DB869C27FE3A64000B4C0A /* HealthTracker.app */;
			productType = "com.apple.product-type.application";
		};
/* End PBXNativeTarget section */

/* Begin PBXProject section */
		01DB869427FE3A64000B4C0A /* Project object */ = {
			isa = PBXProject;
			attributes = {
				BuildIndependentTargetsInParallel = 1;
				LastSwiftUpdateCheck = 1330;
				LastUpgradeCheck = 1330;
				TargetAttributes = {
					01DB869B27FE3A64000B4C0A = {
						CreatedOnToolsVersion = 13.3;
					};
				};
			};
			buildConfigurationList = 01DB869727FE3A64000B4C0A /* Build configuration list for PBXProject "HealthTracker" */;
			compatibilityVersion = "Xcode 13.0";
			developmentRegion = en;
			hasScannedForEncodings = 0;
			knownRegions = (
				en,
				Base,
			);
			mainGroup = 01DB869327FE3A64000B4C0A;
			productRefGroup = 01DB869D27FE3A64000B4C0A /* Products */;
			projectDirPath = "";
			projectRoot = "";
			targets = (
				01DB869B27FE3A64000B4C0A /* HealthTracker */,
			);
		};
/* End PBXProject section */

/* Begin PBXResourcesBuildPhase section */
		01DB869A27FE3A64000B4C0A /* Resources */ = {
			isa = PBXResourcesBuildPhase;
			buildActionMask = 2147483647;
			files = (
				01C547FA28025F7D0016050E /* smile.jpeg in Resources */,
				01DB86AF27FE3A68000B4C0A /* LaunchScreen.storyboard in Resources */,
				01DB86AC27FE3A68000B4C0A /* Assets.xcassets in Resources */,
				01DB86A727FE3A64000B4C0A /* Main.storyboard in Resources */,
			);
			runOnlyForDeploymentPostprocessing = 0;
		};
/* End PBXResourcesBuildPhase section */

/* Begin PBXSourcesBuildPhase section */
		01DB869827FE3A64000B4C0A /* Sources */ = {
			isa = PBXSourcesBuildPhase;
			buildActionMask = 2147483647;
			files = (
				01DB86AA27FE3A64000B4C0A /* HealthTracker.xcdatamodeld in Sources */,
				01DB86B727FE3C65000B4C0A /* HealthViewController.swift in Sources */,
				01DB86A427FE3A64000B4C0A /* ViewController.swift in Sources */,
				01C547F827FE44380016050E /* HealthModel.swift in Sources */,
				01DB86BB27FE3C8B000B4C0A /* RiskViewController.swift in Sources */,
				01DB86A027FE3A64000B4C0A /* AppDelegate.swift in Sources */,
				01DB86B927FE3C7B000B4C0A /* DataInputViewController.swift in Sources */,
				01DB86A227FE3A64000B4C0A /* SceneDelegate.swift in Sources */,
			);
			runOnlyForDeploymentPostprocessing = 0;
		};
/* End PBXSourcesBuildPhase section */

/* Begin PBXVariantGroup section */
		01DB86A527FE3A64000B4C0A /* Main.storyboard */ = {
			isa = PBXVariantGroup;
			children = (
				01DB86A627FE3A64000B4C0A /* Base */,
			);
			name = Main.storyboard;
			sourceTree = "<group>";
		};
		01DB86AD27FE3A68000B4C0A /* LaunchScreen.storyboard */ = {
			isa = PBXVariantGroup;
			children = (
				01DB86AE27FE3A68000B4C0A /* Base */,
			);
			name = LaunchScreen.storyboard;
			sourceTree = "<group>";
		};
/* End PBXVariantGroup section */

/* Begin XCBuildConfiguration section */
		01DB86B127FE3A68000B4C0A /* Debug */ = {
			isa = XCBuildConfiguration;
			buildSettings = {
				ALWAYS_SEARCH_USER_PATHS = NO;
				CLANG_ANALYZER_NONNULL = YES;
				CLANG_ANALYZER_NUMBER_OBJECT_CONVERSION = YES_AGGRESSIVE;
				CLANG_CXX_LANGUAGE_STANDARD = "gnu++17";
				CLANG_ENABLE_MODULES = YES;
				CLANG_ENABLE_OBJC_ARC = YES;
				CLANG_ENABLE_OBJC_WEAK = YES;
				CLANG_WARN_BLOCK_CAPTURE_AUTORELEASING = YES;
				CLANG_WARN_BOOL_CONVERSION = YES;
				CLANG_WARN_COMMA = YES;
				CLANG_WARN_CONSTANT_CONVERSION = YES;
				CLANG_WARN_DEPRECATED_OBJC_IMPLEMENTATIONS = YES;
				CLANG_WARN_DIRECT_OBJC_ISA_USAGE = YES_ERROR;
				CLANG_WARN_DOCUMENTATION_COMMENTS = YES;
				CLANG_WARN_EMPTY_BODY = YES;
				CLANG_WARN_ENUM_CONVERSION = YES;
				CLANG_WARN_INFINITE_RECURSION = YES;
				CLANG_WARN_INT_CONVERSION = YES;
				CLANG_WARN_NON_LITERAL_NULL_CONVERSION = YES;
				CLANG_WARN_OBJC_IMPLICIT_RETAIN_SELF = YES;
				CLANG_WARN_OBJC_LITERAL_CONVERSION = YES;
				CLANG_WARN_OBJC_ROOT_CLASS = YES_ERROR;
				CLANG_WARN_QUOTED_INCLUDE_IN_FRAMEWORK_HEADER = YES;
				CLANG_WARN_RANGE_LOOP_ANALYSIS = YES;
				CLANG_WARN_STRICT_PROTOTYPES = YES;
				CLANG_WARN_SUSPICIOUS_MOVE = YES;
				CLANG_WARN_UNGUARDED_AVAILABILITY = YES_AGGRESSIVE;
				CLANG_WARN_UNREACHABLE_CODE = YES;
				CLANG_WARN__DUPLICATE_METHOD_MATCH = YES;
				COPY_PHASE_STRIP = NO;
				DEBUG_INFORMATION_FORMAT = dwarf;
				ENABLE_STRICT_OBJC_MSGSEND = YES;
				ENABLE_TESTABILITY = YES;
				GCC_C_LANGUAGE_STANDARD = gnu11;
				GCC_DYNAMIC_NO_PIC = NO;
				GCC_NO_COMMON_BLOCKS = YES;
				GCC_OPTIMIZATION_LEVEL = 0;
				GCC_PREPROCESSOR_DEFINITIONS = (
					"DEBUG=1",
					"$(inherited)",
				);
				GCC_WARN_64_TO_32_BIT_CONVERSION = YES;
				GCC_WARN_ABOUT_RETURN_TYPE = YES_ERROR;
				GCC_WARN_UNDECLARED_SELECTOR = YES;
				GCC_WARN_UNINITIALIZED_AUTOS = YES_AGGRESSIVE;
				GCC_WARN_UNUSED_FUNCTION = YES;
				GCC_WARN_UNUSED_VARIABLE = YES;
				IPHONEOS_DEPLOYMENT_TARGET = 15.4;
				MTL_ENABLE_DEBUG_INFO = INCLUDE_SOURCE;
				MTL_FAST_MATH = YES;
				ONLY_ACTIVE_ARCH = YES;
				SDKROOT = iphoneos;
				SWIFT_ACTIVE_COMPILATION_CONDITIONS = DEBUG;
				SWIFT_OPTIMIZATION_LEVEL = "-Onone";
			};
			name = Debug;
		};
		01DB86B227FE3A68000B4C0A /* Release */ = {
			isa = XCBuildConfiguration;
			buildSettings = {
				ALWAYS_SEARCH_USER_PATHS = NO;
				CLANG_ANALYZER_NONNULL = YES;
				CLANG_ANALYZER_NUMBER_OBJECT_CONVERSION = YES_AGGRESSIVE;
				CLANG_CXX_LANGUAGE_STANDARD = "gnu++17";
				CLANG_ENABLE_MODULES = YES;
				CLANG_ENABLE_OBJC_ARC = YES;
				CLANG_ENABLE_OBJC_WEAK = YES;
				CLANG_WARN_BLOCK_CAPTURE_AUTORELEASING = YES;
				CLANG_WARN_BOOL_CONVERSION = YES;
				CLANG_WARN_COMMA = YES;
				CLANG_WARN_CONSTANT_CONVERSION = YES;
				CLANG_WARN_DEPRECATED_OBJC_IMPLEMENTATIONS = YES;
				CLANG_WARN_DIRECT_OBJC_ISA_USAGE = YES_ERROR;
				CLANG_WARN_DOCUMENTATION_COMMENTS = YES;
				CLANG_WARN_EMPTY_BODY = YES;
				CLANG_WARN_ENUM_CONVERSION = YES;
				CLANG_WARN_INFINITE_RECURSION = YES;
				CLANG_WARN_INT_CONVERSION = YES;
				CLANG_WARN_NON_LITERAL_NULL_CONVERSION = YES;
				CLANG_WARN_OBJC_IMPLICIT_RETAIN_SELF = YES;
				CLANG_WARN_OBJC_LITERAL_CONVERSION = YES;
				CLANG_WARN_OBJC_ROOT_CLASS = YES_ERROR;
				CLANG_WARN_QUOTED_INCLUDE_IN_FRAMEWORK_HEADER = YES;
				CLANG_WARN_RANGE_LOOP_ANALYSIS = YES;
				CLANG_WARN_STRICT_PROTOTYPES = YES;
				CLANG_WARN_SUSPICIOUS_MOVE = YES;
				CLANG_WARN_UNGUARDED_AVAILABILITY = YES_AGGRESSIVE;
				CLANG_WARN_UNREACHABLE_CODE = YES;
				CLANG_WARN__DUPLICATE_METHOD_MATCH = YES;
				COPY_PHASE_STRIP = NO;
				DEBUG_INFORMATION_FORMAT = "dwarf-with-dsym";
				ENABLE_NS_ASSERTIONS = NO;
				ENABLE_STRICT_OBJC_MSGSEND = YES;
				GCC_C_LANGUAGE_STANDARD = gnu11;
				GCC_NO_COMMON_BLOCKS = YES;
				GCC_WARN_64_TO_32_BIT_CONVERSION = YES;
				GCC_WARN_ABOUT_RETURN_TYPE = YES_ERROR;
				GCC_WARN_UNDECLARED_SELECTOR = YES;
				GCC_WARN_UNINITIALIZED_AUTOS = YES_AGGRESSIVE;
				GCC_WARN_UNUSED_FUNCTION = YES;
				GCC_WARN_UNUSED_VARIABLE = YES;
				IPHONEOS_DEPLOYMENT_TARGET = 15.4;
				MTL_ENABLE_DEBUG_INFO = NO;
				MTL_FAST_MATH = YES;
				SDKROOT = iphoneos;
				SWIFT_COMPILATION_MODE = wholemodule;
				SWIFT_OPTIMIZATION_LEVEL = "-O";
				VALIDATE_PRODUCT = YES;
			};
			name = Release;
		};
		01DB86B427FE3A68000B4C0A /* Debug */ = {
			isa = XCBuildConfiguration;
			buildSettings = {
				ASSETCATALOG_COMPILER_APPICON_NAME = AppIcon;
				ASSETCATALOG_COMPILER_GLOBAL_ACCENT_COLOR_NAME = AccentColor;
				CODE_SIGN_STYLE = Automatic;
				CURRENT_PROJECT_VERSION = 1;
				GENERATE_INFOPLIST_FILE = YES;
				INFOPLIST_FILE = HealthTracker/Info.plist;
				INFOPLIST_KEY_CFBundleDisplayName = "Health Tracker";
				INFOPLIST_KEY_UIApplicationSupportsIndirectInputEvents = YES;
				INFOPLIST_KEY_UILaunchStoryboardName = LaunchScreen;
				INFOPLIST_KEY_UIMainStoryboardFile = Main;
				INFOPLIST_KEY_UISupportedInterfaceOrientations_iPad = "UIInterfaceOrientationPortrait UIInterfaceOrientationPortraitUpsideDown UIInterfaceOrientationLandscapeLeft UIInterfaceOrientationLandscapeRight";
				INFOPLIST_KEY_UISupportedInterfaceOrientations_iPhone = "UIInterfaceOrientationPortrait UIInterfaceOrientationLandscapeLeft UIInterfaceOrientationLandscapeRight";
				LD_RUNPATH_SEARCH_PATHS = (
					"$(inherited)",
					"@executable_path/Frameworks",
				);
				MARKETING_VERSION = 1.0;
				PRODUCT_BUNDLE_IDENTIFIER = asu.HealthTracker;
				PRODUCT_NAME = "$(TARGET_NAME)";
				SWIFT_EMIT_LOC_STRINGS = YES;
				SWIFT_VERSION = 5.0;
				TARGETED_DEVICE_FAMILY = "1,2";
			};
			name = Debug;
		};
		01DB86B527FE3A68000B4C0A /* Release */ = {
			isa = XCBuildConfiguration;
			buildSettings = {
				ASSETCATALOG_COMPILER_APPICON_NAME = AppIcon;
				ASSETCATALOG_COMPILER_GLOBAL_ACCENT_COLOR_NAME = AccentColor;
				CODE_SIGN_STYLE = Automatic;
				CURRENT_PROJECT_VERSION = 1;
				GENERATE_INFOPLIST_FILE = YES;
				INFOPLIST_FILE = HealthTracker/Info.plist;
				INFOPLIST_KEY_CFBundleDisplayName = "Health Tracker";
				INFOPLIST_KEY_UIApplicationSupportsIndirectInputEvents = YES;
				INFOPLIST_KEY_UILaunchStoryboardName = LaunchScreen;
				INFOPLIST_KEY_UIMainStoryboardFile = Main;
				INFOPLIST_KEY_UISupportedInterfaceOrientations_iPad = "UIInterfaceOrientationPortrait UIInterfaceOrientationPortraitUpsideDown UIInterfaceOrientationLandscapeLeft UIInterfaceOrientationLandscapeRight";
				INFOPLIST_KEY_UISupportedInterfaceOrientations_iPhone = "UIInterfaceOrientationPortrait UIInterfaceOrientationLandscapeLeft UIInterfaceOrientationLandscapeRight";
				LD_RUNPATH_SEARCH_PATHS = (
					"$(inherited)",
					"@executable_path/Frameworks",
				);
				MARKETING_VERSION = 1.0;
				PRODUCT_BUNDLE_IDENTIFIER = asu.HealthTracker;
				PRODUCT_NAME = "$(TARGET_NAME)";
				SWIFT_EMIT_LOC_STRINGS = YES;
				SWIFT_VERSION = 5.0;
				TARGETED_DEVICE_FAMILY = "1,2";
			};
			name = Release;
		};
/* End XCBuildConfiguration section */

/* Begin XCConfigurationList section */
		01DB869727FE3A64000B4C0A /* Build configuration list for PBXProject "HealthTracker" */ = {
			isa = XCConfigurationList;
			buildConfigurations = (
				01DB86B127FE3A68000B4C0A /* Debug */,
				01DB86B227FE3A68000B4C0A /* Release */,
			);
			defaultConfigurationIsVisible = 0;
			defaultConfigurationName = Release;
		};
		01DB86B327FE3A68000B4C0A /* Build configuration list for PBXNativeTarget "HealthTracker" */ = {
			isa = XCConfigurationList;
			buildConfigurations = (
				01DB86B427FE3A68000B4C0A /* Debug */,
				01DB86B527FE3A68000B4C0A /* Release */,
			);
			defaultConfigurationIsVisible = 0;
			defaultConfigurationName = Release;
		};
/* End XCConfigurationList section */

/* Begin XCVersionGroup section */
		01DB86A827FE3A64000B4C0A /* HealthTracker.xcdatamodeld */ = {
			isa = XCVersionGroup;
			children = (
				01DB86A927FE3A64000B4C0A /* HealthTracker.xcdatamodel */,
			);
			currentVersion = 01DB86A927FE3A64000B4C0A /* HealthTracker.xcdatamodel */;
			path = HealthTracker.xcdatamodeld;
			sourceTree = "<group>";
			versionGroupType = wrapper.xcdatamodel;
		};
/* End XCVersionGroup section */
	};
	rootObject = 01DB869427FE3A64000B4C0A /* Project object */;
}
